{
  "name": "machinelearningutilitiesbymili",
  "version": "1.0.0",
  "lockfileVersion": 3,
  "requires": true,
  "packages": {
    "": {
      "name": "machinelearningutilitiesbymili",
      "version": "1.0.0",
      "license": "MIT",
      "dependencies": {
        "blockchainintegrationbymili": "^1.0.0"
      }
    },
    "node_modules/blockchainintegrationbymili": {
      "version": "1.0.0",
      "resolved": "https://registry.npmjs.org/blockchainintegrationbymili/-/blockchainintegrationbymili-1.0.0.tgz",
      "integrity": "sha512-RGXJqJk/yFiausvAuRicbv864VrxSWz1g4axxavPRg7Lqhke7b1I7ngy44EWTkwh6pu6nTryoll8ePtfUfSIdg=="
    }
  }
}
